
Microsoft Visual Studio Solution File, Format Version 12.00
Project("{FAE04EC0-301F-11D3-BF4B-00C04F79EFBC}") = "server.main", "server.main\server.main.csproj", "{9557EEE0-7BE1-4BC8-A915-28DACD4F4404}"
EndProject
Project("{FAE04EC0-301F-11D3-BF4B-00C04F79EFBC}") = "client", "client\client.csproj", "{006AC6BF-EF6E-44EF-8400-1769D556FE7F}"
EndProject
Project("{FAE04EC0-301F-11D3-BF4B-00C04F79EFBC}") = "shared", "shared\shared.csproj", "{86C748CF-3295-4D3D-81F1-262FBE265924}"
EndProject
Project("{FAE04EC0-301F-11D3-BF4B-00C04F79EFBC}") = "server.pay", "server.pay\server.pay.csproj", "{ED5EA9FA-BA91-446C-A927-0EFB2CF8A388}"
EndProject
Project("{FAE04EC0-301F-11D3-BF4B-00C04F79EFBC}") = "simulation", "simulation\simulation.csproj", "{74070A89-08BB-40E2-8859-EF62DA534C8D}"
EndProject
Global
	GlobalSection(SolutionConfigurationPlatforms) = preSolution
		Debug|Any CPU = Debug|Any CPU
		Release|Any CPU = Release|Any CPU
	EndGlobalSection
	GlobalSection(ProjectConfigurationPlatforms) = postSolution
		{9557EEE0-7BE1-4BC8-A915-28DACD4F4404}.Debug|Any CPU.ActiveCfg = Debug|Any CPU
		{9557EEE0-7BE1-4BC8-A915-28DACD4F4404}.Debug|Any CPU.Build.0 = Debug|Any CPU
		{9557EEE0-7BE1-4BC8-A915-28DACD4F4404}.Release|Any CPU.ActiveCfg = Release|Any CPU
		{9557EEE0-7BE1-4BC8-A915-28DACD4F4404}.Release|Any CPU.Build.0 = Release|Any CPU
		{006AC6BF-EF6E-44EF-8400-1769D556FE7F}.Debug|Any CPU.ActiveCfg = Debug|Any CPU
		{006AC6BF-EF6E-44EF-8400-1769D556FE7F}.Debug|Any CPU.Build.0 = Debug|Any CPU
		{006AC6BF-EF6E-44EF-8400-1769D556FE7F}.Release|Any CPU.ActiveCfg = Release|Any CPU
		{006AC6BF-EF6E-44EF-8400-1769D556FE7F}.Release|Any CPU.Build.0 = Release|Any CPU
		{86C748CF-3295-4D3D-81F1-262FBE265924}.Debug|Any CPU.ActiveCfg = Debug|Any CPU
		{86C748CF-3295-4D3D-81F1-262FBE265924}.Debug|Any CPU.Build.0 = Debug|Any CPU
		{86C748CF-3295-4D3D-81F1-262FBE265924}.Release|Any CPU.ActiveCfg = Release|Any CPU
		{86C748CF-3295-4D3D-81F1-262FBE265924}.Release|Any CPU.Build.0 = Release|Any CPU
		{ED5EA9FA-BA91-446C-A927-0EFB2CF8A388}.Debug|Any CPU.ActiveCfg = Debug|Any CPU
		{ED5EA9FA-BA91-446C-A927-0EFB2CF8A388}.Debug|Any CPU.Build.0 = Debug|Any CPU
		{ED5EA9FA-BA91-446C-A927-0EFB2CF8A388}.Release|Any CPU.ActiveCfg = Release|Any CPU
		{ED5EA9FA-BA91-446C-A927-0EFB2CF8A388}.Release|Any CPU.Build.0 = Release|Any CPU
		{74070A89-08BB-40E2-8859-EF62DA534C8D}.Debug|Any CPU.ActiveCfg = Debug|Any CPU
		{74070A89-08BB-40E2-8859-EF62DA534C8D}.Debug|Any CPU.Build.0 = Debug|Any CPU
		{74070A89-08BB-40E2-8859-EF62DA534C8D}.Release|Any CPU.ActiveCfg = Release|Any CPU
		{74070A89-08BB-40E2-8859-EF62DA534C8D}.Release|Any CPU.Build.0 = Release|Any CPU
	EndGlobalSection
EndGlobal
